// !$*UTF8*$!
{
	archiveVersion = 1;
	classes = {
	};
	objectVersion = 48;
	objects = {

/* Begin PBXBuildFile section */
		7967372EBE3CDFB41487707D /* Pods_Todoey.framework in Frameworks */ = {isa = PBXBuildFile; fileRef = A590C6FAB4741FD19ADE55A1 /* Pods_Todoey.framework */; };
		D24F11C41FF8042300340BD5 /* CategotyViewController.swift in Sources */ = {isa = PBXBuildFile; fileRef = D24F11C31FF8042300340BD5 /* CategotyViewController.swift */; };
		D2691FE61FF65AC400648C26 /* DataModel.xcdatamodeld in Sources */ = {isa = PBXBuildFile; fileRef = D2691FE41FF65AC400648C26 /* DataModel.xcdatamodeld */; };
		D27509821FF34D9A00436FF2 /* AppDelegate.swift in Sources */ = {isa = PBXBuildFile; fileRef = D27509811FF34D9A00436FF2 /* AppDelegate.swift */; };
		D27509841FF34D9A00436FF2 /* ToDoListViewController.swift in Sources */ = {isa = PBXBuildFile; fileRef = D27509831FF34D9A00436FF2 /* ToDoListViewController.swift */; };
		D27509871FF34D9A00436FF2 /* Main.storyboard in Resources */ = {isa = PBXBuildFile; fileRef = D27509851FF34D9A00436FF2 /* Main.storyboard */; };
		D27509891FF34D9A00436FF2 /* Assets.xcassets in Resources */ = {isa = PBXBuildFile; fileRef = D27509881FF34D9A00436FF2 /* Assets.xcassets */; };
		D275098C1FF34D9A00436FF2 /* LaunchScreen.storyboard in Resources */ = {isa = PBXBuildFile; fileRef = D275098A1FF34D9A00436FF2 /* LaunchScreen.storyboard */; };
/* End PBXBuildFile section */

/* Begin PBXFileReference section */
		5E16533EAACB46E56FCB131D /* Pods-Todoey.release.xcconfig */ = {isa = PBXFileReference; includeInIndex = 1; lastKnownFileType = text.xcconfig; name = "Pods-Todoey.release.xcconfig"; path = "Pods/Target Support Files/Pods-Todoey/Pods-Todoey.release.xcconfig"; sourceTree = "<group>"; };
		A590C6FAB4741FD19ADE55A1 /* Pods_Todoey.framework */ = {isa = PBXFileReference; explicitFileType = wrapper.framework; includeInIndex = 0; path = Pods_Todoey.framework; sourceTree = BUILT_PRODUCTS_DIR; };
		BB9C8358E66EC02A562F1AAD /* Pods-Todoey.debug.xcconfig */ = {isa = PBXFileReference; includeInIndex = 1; lastKnownFileType = text.xcconfig; name = "Pods-Todoey.debug.xcconfig"; path = "Pods/Target Support Files/Pods-Todoey/Pods-Todoey.debug.xcconfig"; sourceTree = "<group>"; };
		D24F11C31FF8042300340BD5 /* CategotyViewController.swift */ = {isa = PBXFileReference; lastKnownFileType = sourcecode.swift; path = CategotyViewController.swift; sourceTree = "<group>"; };
		D2691FE51FF65AC400648C26 /* DataModel.xcdatamodel */ = {isa = PBXFileReference; lastKnownFileType = wrapper.xcdatamodel; path = DataModel.xcdatamodel; sourceTree = "<group>"; };
		D275097E1FF34D9A00436FF2 /* Todoey.app */ = {isa = PBXFileReference; explicitFileType = wrapper.application; includeInIndex = 0; path = Todoey.app; sourceTree = BUILT_PRODUCTS_DIR; };
		D27509811FF34D9A00436FF2 /* AppDelegate.swift */ = {isa = PBXFileReference; lastKnownFileType = sourcecode.swift; path = AppDelegate.swift; sourceTree = "<group>"; };
		D27509831FF34D9A00436FF2 /* ToDoListViewController.swift */ = {isa = PBXFileReference; lastKnownFileType = sourcecode.swift; path = ToDoListViewController.swift; sourceTree = "<group>"; };
		D27509861FF34D9A00436FF2 /* Base */ = {isa = PBXFileReference; lastKnownFileType = file.storyboard; name = Base; path = Base.lproj/Main.storyboard; sourceTree = "<group>"; };
		D27509881FF34D9A00436FF2 /* Assets.xcassets */ = {isa = PBXFileReference; lastKnownFileType = folder.assetcatalog; path = Assets.xcassets; sourceTree = "<group>"; };
		D275098B1FF34D9A00436FF2 /* Base */ = {isa = PBXFileReference; lastKnownFileType = file.storyboard; name = Base; path = Base.lproj/LaunchScreen.storyboard; sourceTree = "<group>"; };
		D275098D1FF34D9A00436FF2 /* Info.plist */ = {isa = PBXFileReference; lastKnownFileType = text.plist.xml; path = Info.plist; sourceTree = "<group>"; };
/* End PBXFileReference section */

/* Begin PBXFrameworksBuildPhase section */
		D275097B1FF34D9A00436FF2 /* Frameworks */ = {
			isa = PBXFrameworksBuildPhase;
			buildActionMask = 2147483647;
			files = (
				7967372EBE3CDFB41487707D /* Pods_Todoey.framework in Frameworks */,
			);
			runOnlyForDeploymentPostprocessing = 0;
		};
/* End PBXFrameworksBuildPhase section */

/* Begin PBXGroup section */
		6ED8ABD7773B80EB8D8725B6 /* Pods */ = {
			isa = PBXGroup;
			children = (
				BB9C8358E66EC02A562F1AAD /* Pods-Todoey.debug.xcconfig */,
				5E16533EAACB46E56FCB131D /* Pods-Todoey.release.xcconfig */,
			);
			name = Pods;
			sourceTree = "<group>";
		};
		C12B25AD7DAB4BA7963642E3 /* Frameworks */ = {
			isa = PBXGroup;
			children = (
				A590C6FAB4741FD19ADE55A1 /* Pods_Todoey.framework */,
			);
			name = Frameworks;
			sourceTree = "<group>";
		};
		D2643A421FF4F7CF00CC9272 /* Data Model */ = {
			isa = PBXGroup;
			children = (
				D2691FE41FF65AC400648C26 /* DataModel.xcdatamodeld */,
			);
			path = "Data Model";
			sourceTree = "<group>";
		};
		D2643A431FF4F80A00CC9272 /* Views */ = {
			isa = PBXGroup;
			children = (
				D27509851FF34D9A00436FF2 /* Main.storyboard */,
			);
			path = Views;
			sourceTree = "<group>";
		};
		D2643A441FF4F81900CC9272 /* Controllers */ = {
			isa = PBXGroup;
			children = (
				D24F11C31FF8042300340BD5 /* CategotyViewController.swift */,
				D27509831FF34D9A00436FF2 /* ToDoListViewController.swift */,
			);
			path = Controllers;
			sourceTree = "<group>";
		};
		D2643A451FF4F85600CC9272 /* Supporting Files */ = {
			isa = PBXGroup;
			children = (
				D27509881FF34D9A00436FF2 /* Assets.xcassets */,
				D275098A1FF34D9A00436FF2 /* LaunchScreen.storyboard */,
			);
			path = "Supporting Files";
			sourceTree = "<group>";
		};
		D27509751FF34D9A00436FF2 = {
			isa = PBXGroup;
			children = (
				D27509801FF34D9A00436FF2 /* Todoey */,
				D275097F1FF34D9A00436FF2 /* Products */,
				6ED8ABD7773B80EB8D8725B6 /* Pods */,
				C12B25AD7DAB4BA7963642E3 /* Frameworks */,
			);
			sourceTree = "<group>";
		};
		D275097F1FF34D9A00436FF2 /* Products */ = {
			isa = PBXGroup;
			children = (
				D275097E1FF34D9A00436FF2 /* Todoey.app */,
			);
			name = Products;
			sourceTree = "<group>";
		};
		D27509801FF34D9A00436FF2 /* Todoey */ = {
			isa = PBXGroup;
			children = (
				D27509811FF34D9A00436FF2 /* AppDelegate.swift */,
				D2643A421FF4F7CF00CC9272 /* Data Model */,
				D2643A441FF4F81900CC9272 /* Controllers */,
				D2643A431FF4F80A00CC9272 /* Views */,
				D2643A451FF4F85600CC9272 /* Supporting Files */,
				D275098D1FF34D9A00436FF2 /* Info.plist */,
			);
			path = Todoey;
			sourceTree = "<group>";
		};
/* End PBXGroup section */

/* Begin PBXNativeTarget section */
		D275097D1FF34D9A00436FF2 /* Todoey */ = {
			isa = PBXNativeTarget;
			buildConfigurationList = D27509901FF34D9A00436FF2 /* Build configuration list for PBXNativeTarget "Todoey" */;
			buildPhases = (
				D525DEB0A3D158BC6F178E8E /* [CP] Check Pods Manifest.lock */,
				D275097A1FF34D9A00436FF2 /* Sources */,
				D275097B1FF34D9A00436FF2 /* Frameworks */,
				D275097C1FF34D9A00436FF2 /* Resources */,
				F29B6754F946DBEB1A251BA3 /* [CP] Embed Pods Frameworks */,
				2D2C43A6685F802F0A4F832F /* [CP] Copy Pods Resources */,
			);
			buildRules = (
			);
			dependencies = (
			);
			name = Todoey;
			productName = Todoey;
			productReference = D275097E1FF34D9A00436FF2 /* Todoey.app */;
			productType = "com.apple.product-type.application";
		};
/* End PBXNativeTarget section */

/* Begin PBXProject section */
		D27509761FF34D9A00436FF2 /* Project object */ = {
			isa = PBXProject;
			attributes = {
				LastSwiftUpdateCheck = 0900;
				LastUpgradeCheck = 0900;
				ORGANIZATIONNAME = "Gayan Thilakarathna";
				TargetAttributes = {
					D275097D1FF34D9A00436FF2 = {
						CreatedOnToolsVersion = 9.0.1;
						ProvisioningStyle = Automatic;
					};
				};
			};
			buildConfigurationList = D27509791FF34D9A00436FF2 /* Build configuration list for PBXProject "Todoey" */;
			compatibilityVersion = "Xcode 8.0";
			developmentRegion = en;
			hasScannedForEncodings = 0;
			knownRegions = (
				en,
				Base,
			);
			mainGroup = D27509751FF34D9A00436FF2;
			productRefGroup = D275097F1FF34D9A00436FF2 /* Products */;
			projectDirPath = "";
			projectRoot = "";
			targets = (
				D275097D1FF34D9A00436FF2 /* Todoey */,
			);
		};
/* End PBXProject section */

/* Begin PBXResourcesBuildPhase section */
		D275097C1FF34D9A00436FF2 /* Resources */ = {
			isa = PBXResourcesBuildPhase;
			buildActionMask = 2147483647;
			files = (
				D275098C1FF34D9A00436FF2 /* LaunchScreen.storyboard in Resources */,
				D27509891FF34D9A00436FF2 /* Assets.xcassets in Resources */,
				D27509871FF34D9A00436FF2 /* Main.storyboard in Resources */,
			);
			runOnlyForDeploymentPostprocessing = 0;
		};
/* End PBXResourcesBuildPhase section */

/* Begin PBXShellScriptBuildPhase section */
		2D2C43A6685F802F0A4F832F /* [CP] Copy Pods Resources */ = {
			isa = PBXShellScriptBuildPhase;
			buildActionMask = 2147483647;
			files = (
			);
			inputPaths = (
			);
			name = "[CP] Copy Pods Resources";
			outputPaths = (
			);
			runOnlyForDeploymentPostprocessing = 0;
			shellPath = /bin/sh;
			shellScript = "\"${SRCROOT}/Pods/Target Support Files/Pods-Todoey/Pods-Todoey-resources.sh\"\n";
			showEnvVarsInLog = 0;
		};
		D525DEB0A3D158BC6F178E8E /* [CP] Check Pods Manifest.lock */ = {
			isa = PBXShellScriptBuildPhase;
			buildActionMask = 2147483647;
			files = (
			);
			inputPaths = (
				"${PODS_PODFILE_DIR_PATH}/Podfile.lock",
				"${PODS_ROOT}/Manifest.lock",
			);
			name = "[CP] Check Pods Manifest.lock";
			outputPaths = (
				"$(DERIVED_FILE_DIR)/Pods-Todoey-checkManifestLockResult.txt",
			);
			runOnlyForDeploymentPostprocessing = 0;
			shellPath = /bin/sh;
			shellScript = "diff \"${PODS_PODFILE_DIR_PATH}/Podfile.lock\" \"${PODS_ROOT}/Manifest.lock\" > /dev/null\nif [ $? != 0 ] ; then\n    # print error to STDERR\n    echo \"error: The sandbox is not in sync with the Podfile.lock. Run 'pod install' or update your CocoaPods installation.\" >&2\n    exit 1\nfi\n# This output is used by Xcode 'outputs' to avoid re-running this script phase.\necho \"SUCCESS\" > \"${SCRIPT_OUTPUT_FILE_0}\"\n";
			showEnvVarsInLog = 0;
		};
		F29B6754F946DBEB1A251BA3 /* [CP] Embed Pods Frameworks */ = {
			isa = PBXShellScriptBuildPhase;
			buildActionMask = 2147483647;
			files = (
			);
			inputPaths = (
				"${SRCROOT}/Pods/Target Support Files/Pods-Todoey/Pods-Todoey-frameworks.sh",
				"${BUILT_PRODUCTS_DIR}/Realm/Realm.framework",
				"${BUILT_PRODUCTS_DIR}/RealmSwift/RealmSwift.framework",
			);
			name = "[CP] Embed Pods Frameworks";
			outputPaths = (
				"${TARGET_BUILD_DIR}/${FRAMEWORKS_FOLDER_PATH}/Realm.framework",
				"${TARGET_BUILD_DIR}/${FRAMEWORKS_FOLDER_PATH}/RealmSwift.framework",
			);
			runOnlyForDeploymentPostprocessing = 0;
			shellPath = /bin/sh;
			shellScript = "\"${SRCROOT}/Pods/Target Support Files/Pods-Todoey/Pods-Todoey-frameworks.sh\"\n";
			showEnvVarsInLog = 0;
		};
/* End PBXShellScriptBuildPhase section */

/* Begin PBXSourcesBuildPhase section */
		D275097A1FF34D9A00436FF2 /* Sources */ = {
			isa = PBXSourcesBuildPhase;
			buildActionMask = 2147483647;
			files = (
				D27509841FF34D9A00436FF2 /* ToDoListViewController.swift in Sources */,
				D2691FE61FF65AC400648C26 /* DataModel.xcdatamodeld in Sources */,
				D24F11C41FF8042300340BD5 /* CategotyViewController.swift in Sources */,
				D27509821FF34D9A00436FF2 /* AppDelegate.swift in Sources */,
			);
			runOnlyForDeploymentPostprocessing = 0;
		};
/* End PBXSourcesBuildPhase section */

/* Begin PBXVariantGroup section */
		D27509851FF34D9A00436FF2 /* Main.storyboard */ = {
			isa = PBXVariantGroup;
			children = (
				D27509861FF34D9A00436FF2 /* Base */,
			);
			name = Main.storyboard;
			sourceTree = "<group>";
		};
		D275098A1FF34D9A00436FF2 /* LaunchScreen.storyboard */ = {
			isa = PBXVariantGroup;
			children = (
				D275098B1FF34D9A00436FF2 /* Base */,
			);
			name = LaunchScreen.storyboard;
			sourceTree = "<group>";
		};
/* End PBXVariantGroup section */

/* Begin XCBuildConfiguration section */
		D275098E1FF34D9A00436FF2 /* Debug */ = {
			isa = XCBuildConfiguration;
			buildSettings = {
				ALWAYS_SEARCH_USER_PATHS = NO;
				CLANG_ANALYZER_NONNULL = YES;
				CLANG_ANALYZER_NUMBER_OBJECT_CONVERSION = YES_AGGRESSIVE;
				CLANG_CXX_LANGUAGE_STANDARD = "gnu++14";
				CLANG_CXX_LIBRARY = "libc++";
				CLANG_ENABLE_MODULES = YES;
				CLANG_ENABLE_OBJC_ARC = YES;
				CLANG_WARN_BLOCK_CAPTURE_AUTORELEASING = YES;
				CLANG_WARN_BOOL_CONVERSION = YES;
				CLANG_WARN_COMMA = YES;
				CLANG_WARN_CONSTANT_CONVERSION = YES;
				CLANG_WARN_DIRECT_OBJC_ISA_USAGE = YES_ERROR;
				CLANG_WARN_DOCUMENTATION_COMMENTS = YES;
				CLANG_WARN_EMPTY_BODY = YES;
				CLANG_WARN_ENUM_CONVERSION = YES;
				CLANG_WARN_INFINITE_RECURSION = YES;
				CLANG_WARN_INT_CONVERSION = YES;
				CLANG_WARN_NON_LITERAL_NULL_CONVERSION = YES;
				CLANG_WARN_OBJC_LITERAL_CONVERSION = YES;
				CLANG_WARN_OBJC_ROOT_CLASS = YES_ERROR;
				CLANG_WARN_RANGE_LOOP_ANALYSIS = YES;
				CLANG_WARN_STRICT_PROTOTYPES = YES;
				CLANG_WARN_SUSPICIOUS_MOVE = YES;
				CLANG_WARN_UNGUARDED_AVAILABILITY = YES_AGGRESSIVE;
				CLANG_WARN_UNREACHABLE_CODE = YES;
				CLANG_WARN__DUPLICATE_METHOD_MATCH = YES;
				CODE_SIGN_IDENTITY = "iPhone Developer";
				COPY_PHASE_STRIP = NO;
				DEBUG_INFORMATION_FORMAT = dwarf;
				ENABLE_STRICT_OBJC_MSGSEND = YES;
				ENABLE_TESTABILITY = YES;
				GCC_C_LANGUAGE_STANDARD = gnu11;
				GCC_DYNAMIC_NO_PIC = NO;
				GCC_NO_COMMON_BLOCKS = YES;
				GCC_OPTIMIZATION_LEVEL = 0;
				GCC_PREPROCESSOR_DEFINITIONS = (
					"DEBUG=1",
					"$(inherited)",
				);
				GCC_WARN_64_TO_32_BIT_CONVERSION = YES;
				GCC_WARN_ABOUT_RETURN_TYPE = YES_ERROR;
				GCC_WARN_UNDECLARED_SELECTOR = YES;
				GCC_WARN_UNINITIALIZED_AUTOS = YES_AGGRESSIVE;
				GCC_WARN_UNUSED_FUNCTION = YES;
				GCC_WARN_UNUSED_VARIABLE = YES;
				IPHONEOS_DEPLOYMENT_TARGET = 11.0;
				MTL_ENABLE_DEBUG_INFO = YES;
				ONLY_ACTIVE_ARCH = YES;
				SDKROOT = iphoneos;
				SWIFT_ACTIVE_COMPILATION_CONDITIONS = DEBUG;
				SWIFT_OPTIMIZATION_LEVEL = "-Onone";
			};
			name = Debug;
		};
		D275098F1FF34D9A00436FF2 /* Release */ = {
			isa = XCBuildConfiguration;
			buildSettings = {
				ALWAYS_SEARCH_USER_PATHS = NO;
				CLANG_ANALYZER_NONNULL = YES;
				CLANG_ANALYZER_NUMBER_OBJECT_CONVERSION = YES_AGGRESSIVE;
				CLANG_CXX_LANGUAGE_STANDARD = "gnu++14";
				CLANG_CXX_LIBRARY = "libc++";
				CLANG_ENABLE_MODULES = YES;
				CLANG_ENABLE_OBJC_ARC = YES;
				CLANG_WARN_BLOCK_CAPTURE_AUTORELEASING = YES;
				CLANG_WARN_BOOL_CONVERSION = YES;
				CLANG_WARN_COMMA = YES;
				CLANG_WARN_CONSTANT_CONVERSION = YES;
				CLANG_WARN_DIRECT_OBJC_ISA_USAGE = YES_ERROR;
				CLANG_WARN_DOCUMENTATION_COMMENTS = YES;
				CLANG_WARN_EMPTY_BODY = YES;
				CLANG_WARN_ENUM_CONVERSION = YES;
				CLANG_WARN_INFINITE_RECURSION = YES;
				CLANG_WARN_INT_CONVERSION = YES;
				CLANG_WARN_NON_LITERAL_NULL_CONVERSION = YES;
				CLANG_WARN_OBJC_LITERAL_CONVERSION = YES;
				CLANG_WARN_OBJC_ROOT_CLASS = YES_ERROR;
				CLANG_WARN_RANGE_LOOP_ANALYSIS = YES;
				CLANG_WARN_STRICT_PROTOTYPES = YES;
				CLANG_WARN_SUSPICIOUS_MOVE = YES;
				CLANG_WARN_UNGUARDED_AVAILABILITY = YES_AGGRESSIVE;
				CLANG_WARN_UNREACHABLE_CODE = YES;
				CLANG_WARN__DUPLICATE_METHOD_MATCH = YES;
				CODE_SIGN_IDENTITY = "iPhone Developer";
				COPY_PHASE_STRIP = NO;
				DEBUG_INFORMATION_FORMAT = "dwarf-with-dsym";
				ENABLE_NS_ASSERTIONS = NO;
				ENABLE_STRICT_OBJC_MSGSEND = YES;
				GCC_C_LANGUAGE_STANDARD = gnu11;
				GCC_NO_COMMON_BLOCKS = YES;
				GCC_WARN_64_TO_32_BIT_CONVERSION = YES;
				GCC_WARN_ABOUT_RETURN_TYPE = YES_ERROR;
				GCC_WARN_UNDECLARED_SELECTOR = YES;
				GCC_WARN_UNINITIALIZED_AUTOS = YES_AGGRESSIVE;
				GCC_WARN_UNUSED_FUNCTION = YES;
				GCC_WARN_UNUSED_VARIABLE = YES;
				IPHONEOS_DEPLOYMENT_TARGET = 11.0;
				MTL_ENABLE_DEBUG_INFO = NO;
				SDKROOT = iphoneos;
				SWIFT_OPTIMIZATION_LEVEL = "-Owholemodule";
				VALIDATE_PRODUCT = YES;
			};
			name = Release;
		};
		D27509911FF34D9A00436FF2 /* Debug */ = {
			isa = XCBuildConfiguration;
			baseConfigurationReference = BB9C8358E66EC02A562F1AAD /* Pods-Todoey.debug.xcconfig */;
			buildSettings = {
				ASSETCATALOG_COMPILER_APPICON_NAME = AppIcon;
				CODE_SIGN_STYLE = Automatic;
				INFOPLIST_FILE = Todoey/Info.plist;
				LD_RUNPATH_SEARCH_PATHS = "$(inherited) @executable_path/Frameworks";
				PRODUCT_BUNDLE_IDENTIFIER = ik.ideahub.Todoey;
				PRODUCT_NAME = "$(TARGET_NAME)";
				SWIFT_VERSION = 4.0;
				TARGETED_DEVICE_FAMILY = "1,2";
			};
			name = Debug;
		};
		D27509921FF34D9A00436FF2 /* Release */ = {
			isa = XCBuildConfiguration;
			baseConfigurationReference = 5E16533EAACB46E56FCB131D /* Pods-Todoey.release.xcconfig */;
			buildSettings = {
				ASSETCATALOG_COMPILER_APPICON_NAME = AppIcon;
				CODE_SIGN_STYLE = Automatic;
				INFOPLIST_FILE = Todoey/Info.plist;
				LD_RUNPATH_SEARCH_PATHS = "$(inherited) @executable_path/Frameworks";
				PRODUCT_BUNDLE_IDENTIFIER = ik.ideahub.Todoey;
				PRODUCT_NAME = "$(TARGET_NAME)";
				SWIFT_VERSION = 4.0;
				TARGETED_DEVICE_FAMILY = "1,2";
			};
			name = Release;
		};
/* End XCBuildConfiguration section */

/* Begin XCConfigurationList section */
		D27509791FF34D9A00436FF2 /* Build configuration list for PBXProject "Todoey" */ = {
			isa = XCConfigurationList;
			buildConfigurations = (
				D275098E1FF34D9A00436FF2 /* Debug */,
				D275098F1FF34D9A00436FF2 /* Release */,
			);
			defaultConfigurationIsVisible = 0;
			defaultConfigurationName = Release;
		};
		D27509901FF34D9A00436FF2 /* Build configuration list for PBXNativeTarget "Todoey" */ = {
			isa = XCConfigurationList;
			buildConfigurations = (
				D27509911FF34D9A00436FF2 /* Debug */,
				D27509921FF34D9A00436FF2 /* Release */,
			);
			defaultConfigurationIsVisible = 0;
			defaultConfigurationName = Release;
		};
/* End XCConfigurationList section */

/* Begin XCVersionGroup section */
		D2691FE41FF65AC400648C26 /* DataModel.xcdatamodeld */ = {
			isa = XCVersionGroup;
			children = (
				D2691FE51FF65AC400648C26 /* DataModel.xcdatamodel */,
			);
			currentVersion = D2691FE51FF65AC400648C26 /* DataModel.xcdatamodel */;
			path = DataModel.xcdatamodeld;
			sourceTree = "<group>";
			versionGroupType = wrapper.xcdatamodel;
		};
/* End XCVersionGroup section */
	};
	rootObject = D27509761FF34D9A00436FF2 /* Project object */;
}
